// !$*UTF8*$!
{
	archiveVersion = 1;
	classes = {
	};
	objectVersion = 56;
	objects = {

/* Begin PBXBuildFile section */
		12CEB7D22942696800E28720 /* nssl0049.jpg in Resources */ = {isa = PBXBuildFile; fileRef = 12CEB7C82942696800E28720 /* nssl0049.jpg */; };
		12CEB7D32942696800E28720 /* nssl0046.jpg in Resources */ = {isa = PBXBuildFile; fileRef = 12CEB7C92942696800E28720 /* nssl0046.jpg */; };
		12CEB7D42942696800E28720 /* nssl0091.jpg in Resources */ = {isa = PBXBuildFile; fileRef = 12CEB7CA2942696800E28720 /* nssl0091.jpg */; };
		12CEB7D52942696800E28720 /* nssl0045.jpg in Resources */ = {isa = PBXBuildFile; fileRef = 12CEB7CB2942696800E28720 /* nssl0045.jpg */; };
		12CEB7D62942696800E28720 /* nssl0051.jpg in Resources */ = {isa = PBXBuildFile; fileRef = 12CEB7CC2942696800E28720 /* nssl0051.jpg */; };
		12CEB7D72942696800E28720 /* nssl0041.jpg in Resources */ = {isa = PBXBuildFile; fileRef = 12CEB7CD2942696800E28720 /* nssl0041.jpg */; };
		12CEB7D82942696800E28720 /* nssl0042.jpg in Resources */ = {isa = PBXBuildFile; fileRef = 12CEB7CE2942696800E28720 /* nssl0042.jpg */; };
		12CEB7D92942696800E28720 /* nssl0043.jpg in Resources */ = {isa = PBXBuildFile; fileRef = 12CEB7CF2942696800E28720 /* nssl0043.jpg */; };
		12CEB7DA2942696800E28720 /* nssl0033.jpg in Resources */ = {isa = PBXBuildFile; fileRef = 12CEB7D02942696800E28720 /* nssl0033.jpg */; };
		12CEB7DB2942696800E28720 /* nssl0034.jpg in Resources */ = {isa = PBXBuildFile; fileRef = 12CEB7D12942696800E28720 /* nssl0034.jpg */; };
		12CEB7DD29427AE300E28720 /* DetailViewTests.swift in Sources */ = {isa = PBXBuildFile; fileRef = 12CEB7DC29427AE300E28720 /* DetailViewTests.swift */; };
		12CEB7DF29427B9E00E28720 /* DetailViewController.swift in Sources */ = {isa = PBXBuildFile; fileRef = 12CEB7DE29427B9E00E28720 /* DetailViewController.swift */; };
		12D9B02F29423688004F8C41 /* AppDelegate.swift in Sources */ = {isa = PBXBuildFile; fileRef = 12D9B02E29423688004F8C41 /* AppDelegate.swift */; };
		12D9B03129423688004F8C41 /* SceneDelegate.swift in Sources */ = {isa = PBXBuildFile; fileRef = 12D9B03029423688004F8C41 /* SceneDelegate.swift */; };
		12D9B03329423688004F8C41 /* ViewController.swift in Sources */ = {isa = PBXBuildFile; fileRef = 12D9B03229423688004F8C41 /* ViewController.swift */; };
		12D9B03629423688004F8C41 /* Main.storyboard in Resources */ = {isa = PBXBuildFile; fileRef = 12D9B03429423688004F8C41 /* Main.storyboard */; };
		12D9B03829423689004F8C41 /* Assets.xcassets in Resources */ = {isa = PBXBuildFile; fileRef = 12D9B03729423689004F8C41 /* Assets.xcassets */; };
		12D9B03B29423689004F8C41 /* LaunchScreen.storyboard in Resources */ = {isa = PBXBuildFile; fileRef = 12D9B03929423689004F8C41 /* LaunchScreen.storyboard */; };
		12D9B04629423689004F8C41 /* StormViewerTests.swift in Sources */ = {isa = PBXBuildFile; fileRef = 12D9B04529423689004F8C41 /* StormViewerTests.swift */; };
		12D9B05029423689004F8C41 /* StormViewerUITests.swift in Sources */ = {isa = PBXBuildFile; fileRef = 12D9B04F29423689004F8C41 /* StormViewerUITests.swift */; };
		12D9B05229423689004F8C41 /* StormViewerUITestsLaunchTests.swift in Sources */ = {isa = PBXBuildFile; fileRef = 12D9B05129423689004F8C41 /* StormViewerUITestsLaunchTests.swift */; };
/* End PBXBuildFile section */

/* Begin PBXContainerItemProxy section */
		12D9B04229423689004F8C41 /* PBXContainerItemProxy */ = {
			isa = PBXContainerItemProxy;
			containerPortal = 12D9B02329423688004F8C41 /* Project object */;
			proxyType = 1;
			remoteGlobalIDString = 12D9B02A29423688004F8C41;
			remoteInfo = StormViewer;
		};
		12D9B04C29423689004F8C41 /* PBXContainerItemProxy */ = {
			isa = PBXContainerItemProxy;
			containerPortal = 12D9B02329423688004F8C41 /* Project object */;
			proxyType = 1;
			remoteGlobalIDString = 12D9B02A29423688004F8C41;
			remoteInfo = StormViewer;
		};
/* End PBXContainerItemProxy section */

/* Begin PBXFileReference section */
		12CEB7C82942696800E28720 /* nssl0049.jpg */ = {isa = PBXFileReference; lastKnownFileType = image.jpeg; path = nssl0049.jpg; sourceTree = "<group>"; };
		12CEB7C92942696800E28720 /* nssl0046.jpg */ = {isa = PBXFileReference; lastKnownFileType = image.jpeg; path = nssl0046.jpg; sourceTree = "<group>"; };
		12CEB7CA2942696800E28720 /* nssl0091.jpg */ = {isa = PBXFileReference; lastKnownFileType = image.jpeg; path = nssl0091.jpg; sourceTree = "<group>"; };
		12CEB7CB2942696800E28720 /* nssl0045.jpg */ = {isa = PBXFileReference; lastKnownFileType = image.jpeg; path = nssl0045.jpg; sourceTree = "<group>"; };
		12CEB7CC2942696800E28720 /* nssl0051.jpg */ = {isa = PBXFileReference; lastKnownFileType = image.jpeg; path = nssl0051.jpg; sourceTree = "<group>"; };
		12CEB7CD2942696800E28720 /* nssl0041.jpg */ = {isa = PBXFileReference; lastKnownFileType = image.jpeg; path = nssl0041.jpg; sourceTree = "<group>"; };
		12CEB7CE2942696800E28720 /* nssl0042.jpg */ = {isa = PBXFileReference; lastKnownFileType = image.jpeg; path = nssl0042.jpg; sourceTree = "<group>"; };
		12CEB7CF2942696800E28720 /* nssl0043.jpg */ = {isa = PBXFileReference; lastKnownFileType = image.jpeg; path = nssl0043.jpg; sourceTree = "<group>"; };
		12CEB7D02942696800E28720 /* nssl0033.jpg */ = {isa = PBXFileReference; lastKnownFileType = image.jpeg; path = nssl0033.jpg; sourceTree = "<group>"; };
		12CEB7D12942696800E28720 /* nssl0034.jpg */ = {isa = PBXFileReference; lastKnownFileType = image.jpeg; path = nssl0034.jpg; sourceTree = "<group>"; };
		12CEB7DC29427AE300E28720 /* DetailViewTests.swift */ = {isa = PBXFileReference; lastKnownFileType = sourcecode.swift; path = DetailViewTests.swift; sourceTree = "<group>"; };
		12CEB7DE29427B9E00E28720 /* DetailViewController.swift */ = {isa = PBXFileReference; lastKnownFileType = sourcecode.swift; name = DetailViewController.swift; path = Content/DetailViewController.swift; sourceTree = SOURCE_ROOT; };
		12D9B02B29423688004F8C41 /* StormViewer.app */ = {isa = PBXFileReference; explicitFileType = wrapper.application; includeInIndex = 0; path = StormViewer.app; sourceTree = BUILT_PRODUCTS_DIR; };
		12D9B02E29423688004F8C41 /* AppDelegate.swift */ = {isa = PBXFileReference; lastKnownFileType = sourcecode.swift; path = AppDelegate.swift; sourceTree = "<group>"; };
		12D9B03029423688004F8C41 /* SceneDelegate.swift */ = {isa = PBXFileReference; lastKnownFileType = sourcecode.swift; path = SceneDelegate.swift; sourceTree = "<group>"; };
		12D9B03229423688004F8C41 /* ViewController.swift */ = {isa = PBXFileReference; lastKnownFileType = sourcecode.swift; path = ViewController.swift; sourceTree = "<group>"; };
		12D9B03529423688004F8C41 /* Base */ = {isa = PBXFileReference; lastKnownFileType = file.storyboard; name = Base; path = Base.lproj/Main.storyboard; sourceTree = "<group>"; };
		12D9B03729423689004F8C41 /* Assets.xcassets */ = {isa = PBXFileReference; lastKnownFileType = folder.assetcatalog; path = Assets.xcassets; sourceTree = "<group>"; };
		12D9B03A29423689004F8C41 /* Base */ = {isa = PBXFileReference; lastKnownFileType = file.storyboard; name = Base; path = Base.lproj/LaunchScreen.storyboard; sourceTree = "<group>"; };
		12D9B03C29423689004F8C41 /* Info.plist */ = {isa = PBXFileReference; lastKnownFileType = text.plist.xml; path = Info.plist; sourceTree = "<group>"; };
		12D9B04129423689004F8C41 /* StormViewerTests.xctest */ = {isa = PBXFileReference; explicitFileType = wrapper.cfbundle; includeInIndex = 0; path = StormViewerTests.xctest; sourceTree = BUILT_PRODUCTS_DIR; };
		12D9B04529423689004F8C41 /* StormViewerTests.swift */ = {isa = PBXFileReference; lastKnownFileType = sourcecode.swift; path = StormViewerTests.swift; sourceTree = "<group>"; };
		12D9B04B29423689004F8C41 /* StormViewerUITests.xctest */ = {isa = PBXFileReference; explicitFileType = wrapper.cfbundle; includeInIndex = 0; path = StormViewerUITests.xctest; sourceTree = BUILT_PRODUCTS_DIR; };
		12D9B04F29423689004F8C41 /* StormViewerUITests.swift */ = {isa = PBXFileReference; lastKnownFileType = sourcecode.swift; path = StormViewerUITests.swift; sourceTree = "<group>"; };
		12D9B05129423689004F8C41 /* StormViewerUITestsLaunchTests.swift */ = {isa = PBXFileReference; lastKnownFileType = sourcecode.swift; path = StormViewerUITestsLaunchTests.swift; sourceTree = "<group>"; };
/* End PBXFileReference section */

/* Begin PBXFrameworksBuildPhase section */
		12D9B02829423688004F8C41 /* Frameworks */ = {
			isa = PBXFrameworksBuildPhase;
			buildActionMask = 2147483647;
			files = (
			);
			runOnlyForDeploymentPostprocessing = 0;
		};
		12D9B03E29423689004F8C41 /* Frameworks */ = {
			isa = PBXFrameworksBuildPhase;
			buildActionMask = 2147483647;
			files = (
			);
			runOnlyForDeploymentPostprocessing = 0;
		};
		12D9B04829423689004F8C41 /* Frameworks */ = {
			isa = PBXFrameworksBuildPhase;
			buildActionMask = 2147483647;
			files = (
			);
			runOnlyForDeploymentPostprocessing = 0;
		};
/* End PBXFrameworksBuildPhase section */

/* Begin PBXGroup section */
		12CEB7C72942696800E28720 /* Content */ = {
			isa = PBXGroup;
			children = (
				12CEB7C82942696800E28720 /* nssl0049.jpg */,
				12CEB7C92942696800E28720 /* nssl0046.jpg */,
				12CEB7CA2942696800E28720 /* nssl0091.jpg */,
				12CEB7CB2942696800E28720 /* nssl0045.jpg */,
				12CEB7CC2942696800E28720 /* nssl0051.jpg */,
				12CEB7CD2942696800E28720 /* nssl0041.jpg */,
				12CEB7CE2942696800E28720 /* nssl0042.jpg */,
				12CEB7CF2942696800E28720 /* nssl0043.jpg */,
				12CEB7D02942696800E28720 /* nssl0033.jpg */,
				12CEB7D12942696800E28720 /* nssl0034.jpg */,
			);
			path = Content;
			sourceTree = SOURCE_ROOT;
		};
		12D9B02229423688004F8C41 = {
			isa = PBXGroup;
			children = (
				12D9B02D29423688004F8C41 /* StormViewer */,
				12D9B04429423689004F8C41 /* StormViewerTests */,
				12D9B04E29423689004F8C41 /* StormViewerUITests */,
				12D9B02C29423688004F8C41 /* Products */,
			);
			sourceTree = "<group>";
		};
		12D9B02C29423688004F8C41 /* Products */ = {
			isa = PBXGroup;
			children = (
				12D9B02B29423688004F8C41 /* StormViewer.app */,
				12D9B04129423689004F8C41 /* StormViewerTests.xctest */,
				12D9B04B29423689004F8C41 /* StormViewerUITests.xctest */,
			);
			name = Products;
			sourceTree = "<group>";
		};
		12D9B02D29423688004F8C41 /* StormViewer */ = {
			isa = PBXGroup;
			children = (
				12CEB7DE29427B9E00E28720 /* DetailViewController.swift */,
				12CEB7C72942696800E28720 /* Content */,
				12D9B02E29423688004F8C41 /* AppDelegate.swift */,
				12D9B03029423688004F8C41 /* SceneDelegate.swift */,
				12D9B03229423688004F8C41 /* ViewController.swift */,
				12D9B03429423688004F8C41 /* Main.storyboard */,
				12D9B03729423689004F8C41 /* Assets.xcassets */,
				12D9B03929423689004F8C41 /* LaunchScreen.storyboard */,
				12D9B03C29423689004F8C41 /* Info.plist */,
			);
			path = StormViewer;
			sourceTree = "<group>";
		};
		12D9B04429423689004F8C41 /* StormViewerTests */ = {
			isa = PBXGroup;
			children = (
				12D9B04529423689004F8C41 /* StormViewerTests.swift */,
				12CEB7DC29427AE300E28720 /* DetailViewTests.swift */,
			);
			path = StormViewerTests;
			sourceTree = "<group>";
		};
		12D9B04E29423689004F8C41 /* StormViewerUITests */ = {
			isa = PBXGroup;
			children = (
				12D9B04F29423689004F8C41 /* StormViewerUITests.swift */,
				12D9B05129423689004F8C41 /* StormViewerUITestsLaunchTests.swift */,
			);
			path = StormViewerUITests;
			sourceTree = "<group>";
		};
/* End PBXGroup section */

/* Begin PBXNativeTarget section */
		12D9B02A29423688004F8C41 /* StormViewer */ = {
			isa = PBXNativeTarget;
			buildConfigurationList = 12D9B05529423689004F8C41 /* Build configuration list for PBXNativeTarget "StormViewer" */;
			buildPhases = (
				12D9B02729423688004F8C41 /* Sources */,
				12D9B02829423688004F8C41 /* Frameworks */,
				12D9B02929423688004F8C41 /* Resources */,
			);
			buildRules = (
			);
			dependencies = (
			);
			name = StormViewer;
			productName = StormViewer;
			productReference = 12D9B02B29423688004F8C41 /* StormViewer.app */;
			productType = "com.apple.product-type.application";
		};
		12D9B04029423689004F8C41 /* StormViewerTests */ = {
			isa = PBXNativeTarget;
			buildConfigurationList = 12D9B05829423689004F8C41 /* Build configuration list for PBXNativeTarget "StormViewerTests" */;
			buildPhases = (
				12D9B03D29423689004F8C41 /* Sources */,
				12D9B03E29423689004F8C41 /* Frameworks */,
				12D9B03F29423689004F8C41 /* Resources */,
			);
			buildRules = (
			);
			dependencies = (
				12D9B04329423689004F8C41 /* PBXTargetDependency */,
			);
			name = StormViewerTests;
			productName = StormViewerTests;
			productReference = 12D9B04129423689004F8C41 /* StormViewerTests.xctest */;
			productType = "com.apple.product-type.bundle.unit-test";
		};
		12D9B04A29423689004F8C41 /* StormViewerUITests */ = {
			isa = PBXNativeTarget;
			buildConfigurationList = 12D9B05B29423689004F8C41 /* Build configuration list for PBXNativeTarget "StormViewerUITests" */;
			buildPhases = (
				12D9B04729423689004F8C41 /* Sources */,
				12D9B04829423689004F8C41 /* Frameworks */,
				12D9B04929423689004F8C41 /* Resources */,
			);
			buildRules = (
			);
			dependencies = (
				12D9B04D29423689004F8C41 /* PBXTargetDependency */,
			);
			name = StormViewerUITests;
			productName = StormViewerUITests;
			productReference = 12D9B04B29423689004F8C41 /* StormViewerUITests.xctest */;
			productType = "com.apple.product-type.bundle.ui-testing";
		};
/* End PBXNativeTarget section */

/* Begin PBXProject section */
		12D9B02329423688004F8C41 /* Project object */ = {
			isa = PBXProject;
			attributes = {
				BuildIndependentTargetsInParallel = 1;
				LastSwiftUpdateCheck = 1410;
				LastUpgradeCheck = 1410;
				TargetAttributes = {
					12D9B02A29423688004F8C41 = {
						CreatedOnToolsVersion = 14.1;
					};
					12D9B04029423689004F8C41 = {
						CreatedOnToolsVersion = 14.1;
						TestTargetID = 12D9B02A29423688004F8C41;
					};
					12D9B04A29423689004F8C41 = {
						CreatedOnToolsVersion = 14.1;
						TestTargetID = 12D9B02A29423688004F8C41;
					};
				};
			};
			buildConfigurationList = 12D9B02629423688004F8C41 /* Build configuration list for PBXProject "StormViewer" */;
			compatibilityVersion = "Xcode 14.0";
			developmentRegion = en;
			hasScannedForEncodings = 0;
			knownRegions = (
				en,
				Base,
			);
			mainGroup = 12D9B02229423688004F8C41;
			productRefGroup = 12D9B02C29423688004F8C41 /* Products */;
			projectDirPath = "";
			projectRoot = "";
			targets = (
				12D9B02A29423688004F8C41 /* StormViewer */,
				12D9B04029423689004F8C41 /* StormViewerTests */,
				12D9B04A29423689004F8C41 /* StormViewerUITests */,
			);
		};
/* End PBXProject section */

/* Begin PBXResourcesBuildPhase section */
		12D9B02929423688004F8C41 /* Resources */ = {
			isa = PBXResourcesBuildPhase;
			buildActionMask = 2147483647;
			files = (
				12CEB7D32942696800E28720 /* nssl0046.jpg in Resources */,
				12CEB7DA2942696800E28720 /* nssl0033.jpg in Resources */,
				12CEB7D62942696800E28720 /* nssl0051.jpg in Resources */,
				12CEB7D42942696800E28720 /* nssl0091.jpg in Resources */,
				12CEB7D92942696800E28720 /* nssl0043.jpg in Resources */,
				12CEB7DB2942696800E28720 /* nssl0034.jpg in Resources */,
				12CEB7D22942696800E28720 /* nssl0049.jpg in Resources */,
				12CEB7D72942696800E28720 /* nssl0041.jpg in Resources */,
				12CEB7D82942696800E28720 /* nssl0042.jpg in Resources */,
				12D9B03B29423689004F8C41 /* LaunchScreen.storyboard in Resources */,
				12D9B03829423689004F8C41 /* Assets.xcassets in Resources */,
				12CEB7D52942696800E28720 /* nssl0045.jpg in Resources */,
				12D9B03629423688004F8C41 /* Main.storyboard in Resources */,
			);
			runOnlyForDeploymentPostprocessing = 0;
		};
		12D9B03F29423689004F8C41 /* Resources */ = {
			isa = PBXResourcesBuildPhase;
			buildActionMask = 2147483647;
			files = (
			);
			runOnlyForDeploymentPostprocessing = 0;
		};
		12D9B04929423689004F8C41 /* Resources */ = {
			isa = PBXResourcesBuildPhase;
			buildActionMask = 2147483647;
			files = (
			);
			runOnlyForDeploymentPostprocessing = 0;
		};
/* End PBXResourcesBuildPhase section */

/* Begin PBXSourcesBuildPhase section */
		12D9B02729423688004F8C41 /* Sources */ = {
			isa = PBXSourcesBuildPhase;
			buildActionMask = 2147483647;
			files = (
				12D9B03329423688004F8C41 /* ViewController.swift in Sources */,
				12D9B02F29423688004F8C41 /* AppDelegate.swift in Sources */,
				12D9B03129423688004F8C41 /* SceneDelegate.swift in Sources */,
				12CEB7DF29427B9E00E28720 /* DetailViewController.swift in Sources */,
			);
			runOnlyForDeploymentPostprocessing = 0;
		};
		12D9B03D29423689004F8C41 /* Sources */ = {
			isa = PBXSourcesBuildPhase;
			buildActionMask = 2147483647;
			files = (
				12D9B04629423689004F8C41 /* StormViewerTests.swift in Sources */,
				12CEB7DD29427AE300E28720 /* DetailViewTests.swift in Sources */,
			);
			runOnlyForDeploymentPostprocessing = 0;
		};
		12D9B04729423689004F8C41 /* Sources */ = {
			isa = PBXSourcesBuildPhase;
			buildActionMask = 2147483647;
			files = (
				12D9B05229423689004F8C41 /* StormViewerUITestsLaunchTests.swift in Sources */,
				12D9B05029423689004F8C41 /* StormViewerUITests.swift in Sources */,
			);
			runOnlyForDeploymentPostprocessing = 0;
		};
/* End PBXSourcesBuildPhase section */

/* Begin PBXTargetDependency section */
		12D9B04329423689004F8C41 /* PBXTargetDependency */ = {
			isa = PBXTargetDependency;
			target = 12D9B02A29423688004F8C41 /* StormViewer */;
			targetProxy = 12D9B04229423689004F8C41 /* PBXContainerItemProxy */;
		};
		12D9B04D29423689004F8C41 /* PBXTargetDependency */ = {
			isa = PBXTargetDependency;
			target = 12D9B02A29423688004F8C41 /* StormViewer */;
			targetProxy = 12D9B04C29423689004F8C41 /* PBXContainerItemProxy */;
		};
/* End PBXTargetDependency section */

/* Begin PBXVariantGroup section */
		12D9B03429423688004F8C41 /* Main.storyboard */ = {
			isa = PBXVariantGroup;
			children = (
				12D9B03529423688004F8C41 /* Base */,
			);
			name = Main.storyboard;
			sourceTree = "<group>";
		};
		12D9B03929423689004F8C41 /* LaunchScreen.storyboard */ = {
			isa = PBXVariantGroup;
			children = (
				12D9B03A29423689004F8C41 /* Base */,
			);
			name = LaunchScreen.storyboard;
			sourceTree = "<group>";
		};
/* End PBXVariantGroup section */

/* Begin XCBuildConfiguration section */
		12D9B05329423689004F8C41 /* Debug */ = {
			isa = XCBuildConfiguration;
			buildSettings = {
				ALWAYS_SEARCH_USER_PATHS = NO;
				CLANG_ANALYZER_NONNULL = YES;
				CLANG_ANALYZER_NUMBER_OBJECT_CONVERSION = YES_AGGRESSIVE;
				CLANG_CXX_LANGUAGE_STANDARD = "gnu++20";
				CLANG_ENABLE_MODULES = YES;
				CLANG_ENABLE_OBJC_ARC = YES;
				CLANG_ENABLE_OBJC_WEAK = YES;
				CLANG_WARN_BLOCK_CAPTURE_AUTORELEASING = YES;
				CLANG_WARN_BOOL_CONVERSION = YES;
				CLANG_WARN_COMMA = YES;
				CLANG_WARN_CONSTANT_CONVERSION = YES;
				CLANG_WARN_DEPRECATED_OBJC_IMPLEMENTATIONS = YES;
				CLANG_WARN_DIRECT_OBJC_ISA_USAGE = YES_ERROR;
				CLANG_WARN_DOCUMENTATION_COMMENTS = YES;
				CLANG_WARN_EMPTY_BODY = YES;
				CLANG_WARN_ENUM_CONVERSION = YES;
				CLANG_WARN_INFINITE_RECURSION = YES;
				CLANG_WARN_INT_CONVERSION = YES;
				CLANG_WARN_NON_LITERAL_NULL_CONVERSION = YES;
				CLANG_WARN_OBJC_IMPLICIT_RETAIN_SELF = YES;
				CLANG_WARN_OBJC_LITERAL_CONVERSION = YES;
				CLANG_WARN_OBJC_ROOT_CLASS = YES_ERROR;
				CLANG_WARN_QUOTED_INCLUDE_IN_FRAMEWORK_HEADER = YES;
				CLANG_WARN_RANGE_LOOP_ANALYSIS = YES;
				CLANG_WARN_STRICT_PROTOTYPES = YES;
				CLANG_WARN_SUSPICIOUS_MOVE = YES;
				CLANG_WARN_UNGUARDED_AVAILABILITY = YES_AGGRESSIVE;
				CLANG_WARN_UNREACHABLE_CODE = YES;
				CLANG_WARN__DUPLICATE_METHOD_MATCH = YES;
				COPY_PHASE_STRIP = NO;
				DEBUG_INFORMATION_FORMAT = dwarf;
				ENABLE_STRICT_OBJC_MSGSEND = YES;
				ENABLE_TESTABILITY = YES;
				GCC_C_LANGUAGE_STANDARD = gnu11;
				GCC_DYNAMIC_NO_PIC = NO;
				GCC_NO_COMMON_BLOCKS = YES;
				GCC_OPTIMIZATION_LEVEL = 0;
				GCC_PREPROCESSOR_DEFINITIONS = (
					"DEBUG=1",
					"$(inherited)",
				);
				GCC_WARN_64_TO_32_BIT_CONVERSION = YES;
				GCC_WARN_ABOUT_RETURN_TYPE = YES_ERROR;
				GCC_WARN_UNDECLARED_SELECTOR = YES;
				GCC_WARN_UNINITIALIZED_AUTOS = YES_AGGRESSIVE;
				GCC_WARN_UNUSED_FUNCTION = YES;
				GCC_WARN_UNUSED_VARIABLE = YES;
				IPHONEOS_DEPLOYMENT_TARGET = 16.1;
				MTL_ENABLE_DEBUG_INFO = INCLUDE_SOURCE;
				MTL_FAST_MATH = YES;
				ONLY_ACTIVE_ARCH = YES;
				SDKROOT = iphoneos;
				SWIFT_ACTIVE_COMPILATION_CONDITIONS = DEBUG;
				SWIFT_OPTIMIZATION_LEVEL = "-Onone";
			};
			name = Debug;
		};
		12D9B05429423689004F8C41 /* Release */ = {
			isa = XCBuildConfiguration;
			buildSettings = {
				ALWAYS_SEARCH_USER_PATHS = NO;
				CLANG_ANALYZER_NONNULL = YES;
				CLANG_ANALYZER_NUMBER_OBJECT_CONVERSION = YES_AGGRESSIVE;
				CLANG_CXX_LANGUAGE_STANDARD = "gnu++20";
				CLANG_ENABLE_MODULES = YES;
				CLANG_ENABLE_OBJC_ARC = YES;
				CLANG_ENABLE_OBJC_WEAK = YES;
				CLANG_WARN_BLOCK_CAPTURE_AUTORELEASING = YES;
				CLANG_WARN_BOOL_CONVERSION = YES;
				CLANG_WARN_COMMA = YES;
				CLANG_WARN_CONSTANT_CONVERSION = YES;
				CLANG_WARN_DEPRECATED_OBJC_IMPLEMENTATIONS = YES;
				CLANG_WARN_DIRECT_OBJC_ISA_USAGE = YES_ERROR;
				CLANG_WARN_DOCUMENTATION_COMMENTS = YES;
				CLANG_WARN_EMPTY_BODY = YES;
				CLANG_WARN_ENUM_CONVERSION = YES;
				CLANG_WARN_INFINITE_RECURSION = YES;
				CLANG_WARN_INT_CONVERSION = YES;
				CLANG_WARN_NON_LITERAL_NULL_CONVERSION = YES;
				CLANG_WARN_OBJC_IMPLICIT_RETAIN_SELF = YES;
				CLANG_WARN_OBJC_LITERAL_CONVERSION = YES;
				CLANG_WARN_OBJC_ROOT_CLASS = YES_ERROR;
				CLANG_WARN_QUOTED_INCLUDE_IN_FRAMEWORK_HEADER = YES;
				CLANG_WARN_RANGE_LOOP_ANALYSIS = YES;
				CLANG_WARN_STRICT_PROTOTYPES = YES;
				CLANG_WARN_SUSPICIOUS_MOVE = YES;
				CLANG_WARN_UNGUARDED_AVAILABILITY = YES_AGGRESSIVE;
				CLANG_WARN_UNREACHABLE_CODE = YES;
				CLANG_WARN__DUPLICATE_METHOD_MATCH = YES;
				COPY_PHASE_STRIP = NO;
				DEBUG_INFORMATION_FORMAT = "dwarf-with-dsym";
				ENABLE_NS_ASSERTIONS = NO;
				ENABLE_STRICT_OBJC_MSGSEND = YES;
				GCC_C_LANGUAGE_STANDARD = gnu11;
				GCC_NO_COMMON_BLOCKS = YES;
				GCC_WARN_64_TO_32_BIT_CONVERSION = YES;
				GCC_WARN_ABOUT_RETURN_TYPE = YES_ERROR;
				GCC_WARN_UNDECLARED_SELECTOR = YES;
				GCC_WARN_UNINITIALIZED_AUTOS = YES_AGGRESSIVE;
				GCC_WARN_UNUSED_FUNCTION = YES;
				GCC_WARN_UNUSED_VARIABLE = YES;
				IPHONEOS_DEPLOYMENT_TARGET = 16.1;
				MTL_ENABLE_DEBUG_INFO = NO;
				MTL_FAST_MATH = YES;
				SDKROOT = iphoneos;
				SWIFT_COMPILATION_MODE = wholemodule;
				SWIFT_OPTIMIZATION_LEVEL = "-O";
				VALIDATE_PRODUCT = YES;
			};
			name = Release;
		};
		12D9B05629423689004F8C41 /* Debug */ = {
			isa = XCBuildConfiguration;
			buildSettings = {
				ASSETCATALOG_COMPILER_APPICON_NAME = AppIcon;
				ASSETCATALOG_COMPILER_GLOBAL_ACCENT_COLOR_NAME = AccentColor;
				CODE_SIGN_STYLE = Automatic;
				CURRENT_PROJECT_VERSION = 1;
				DEVELOPMENT_TEAM = RPQ3VF2JBZ;
				GENERATE_INFOPLIST_FILE = YES;
				INFOPLIST_FILE = StormViewer/Info.plist;
				INFOPLIST_KEY_UIApplicationSupportsIndirectInputEvents = YES;
				INFOPLIST_KEY_UILaunchStoryboardName = LaunchScreen;
				INFOPLIST_KEY_UIMainStoryboardFile = Main;
				INFOPLIST_KEY_UISupportedInterfaceOrientations_iPad = "UIInterfaceOrientationPortrait UIInterfaceOrientationPortraitUpsideDown UIInterfaceOrientationLandscapeLeft UIInterfaceOrientationLandscapeRight";
				INFOPLIST_KEY_UISupportedInterfaceOrientations_iPhone = "UIInterfaceOrientationPortrait UIInterfaceOrientationLandscapeLeft UIInterfaceOrientationLandscapeRight";
				LD_RUNPATH_SEARCH_PATHS = (
					"$(inherited)",
					"@executable_path/Frameworks",
				);
				MARKETING_VERSION = 1.0;
				PRODUCT_BUNDLE_IDENTIFIER = com.mfsaglam.StormViewer;
				PRODUCT_NAME = "$(TARGET_NAME)";
				SWIFT_EMIT_LOC_STRINGS = YES;
				SWIFT_VERSION = 5.0;
				TARGETED_DEVICE_FAMILY = "1,2";
			};
			name = Debug;
		};
		12D9B05729423689004F8C41 /* Release */ = {
			isa = XCBuildConfiguration;
			buildSettings = {
				ASSETCATALOG_COMPILER_APPICON_NAME = AppIcon;
				ASSETCATALOG_COMPILER_GLOBAL_ACCENT_COLOR_NAME = AccentColor;
				CODE_SIGN_STYLE = Automatic;
				CURRENT_PROJECT_VERSION = 1;
				DEVELOPMENT_TEAM = RPQ3VF2JBZ;
				GENERATE_INFOPLIST_FILE = YES;
				INFOPLIST_FILE = StormViewer/Info.plist;
				INFOPLIST_KEY_UIApplicationSupportsIndirectInputEvents = YES;
				INFOPLIST_KEY_UILaunchStoryboardName = LaunchScreen;
				INFOPLIST_KEY_UIMainStoryboardFile = Main;
				INFOPLIST_KEY_UISupportedInterfaceOrientations_iPad = "UIInterfaceOrientationPortrait UIInterfaceOrientationPortraitUpsideDown UIInterfaceOrientationLandscapeLeft UIInterfaceOrientationLandscapeRight";
				INFOPLIST_KEY_UISupportedInterfaceOrientations_iPhone = "UIInterfaceOrientationPortrait UIInterfaceOrientationLandscapeLeft UIInterfaceOrientationLandscapeRight";
				LD_RUNPATH_SEARCH_PATHS = (
					"$(inherited)",
					"@executable_path/Frameworks",
				);
				MARKETING_VERSION = 1.0;
				PRODUCT_BUNDLE_IDENTIFIER = com.mfsaglam.StormViewer;
				PRODUCT_NAME = "$(TARGET_NAME)";
				SWIFT_EMIT_LOC_STRINGS = YES;
				SWIFT_VERSION = 5.0;
				TARGETED_DEVICE_FAMILY = "1,2";
			};
			name = Release;
		};
		12D9B05929423689004F8C41 /* Debug */ = {
			isa = XCBuildConfiguration;
			buildSettings = {
				ALWAYS_EMBED_SWIFT_STANDARD_LIBRARIES = YES;
				BUNDLE_LOADER = "$(TEST_HOST)";
				CODE_SIGN_STYLE = Automatic;
				CURRENT_PROJECT_VERSION = 1;
				DEVELOPMENT_TEAM = RPQ3VF2JBZ;
				GENERATE_INFOPLIST_FILE = YES;
				IPHONEOS_DEPLOYMENT_TARGET = 16.1;
				MARKETING_VERSION = 1.0;
				PRODUCT_BUNDLE_IDENTIFIER = com.mfsaglam.StormViewerTests;
				PRODUCT_NAME = "$(TARGET_NAME)";
				SWIFT_EMIT_LOC_STRINGS = NO;
				SWIFT_VERSION = 5.0;
				TARGETED_DEVICE_FAMILY = "1,2";
				TEST_HOST = "$(BUILT_PRODUCTS_DIR)/StormViewer.app/$(BUNDLE_EXECUTABLE_FOLDER_PATH)/StormViewer";
			};
			name = Debug;
		};
		12D9B05A29423689004F8C41 /* Release */ = {
			isa = XCBuildConfiguration;
			buildSettings = {
				ALWAYS_EMBED_SWIFT_STANDARD_LIBRARIES = YES;
				BUNDLE_LOADER = "$(TEST_HOST)";
				CODE_SIGN_STYLE = Automatic;
				CURRENT_PROJECT_VERSION = 1;
				DEVELOPMENT_TEAM = RPQ3VF2JBZ;
				GENERATE_INFOPLIST_FILE = YES;
				IPHONEOS_DEPLOYMENT_TARGET = 16.1;
				MARKETING_VERSION = 1.0;
				PRODUCT_BUNDLE_IDENTIFIER = com.mfsaglam.StormViewerTests;
				PRODUCT_NAME = "$(TARGET_NAME)";
				SWIFT_EMIT_LOC_STRINGS = NO;
				SWIFT_VERSION = 5.0;
				TARGETED_DEVICE_FAMILY = "1,2";
				TEST_HOST = "$(BUILT_PRODUCTS_DIR)/StormViewer.app/$(BUNDLE_EXECUTABLE_FOLDER_PATH)/StormViewer";
			};
			name = Release;
		};
		12D9B05C29423689004F8C41 /* Debug */ = {
			isa = XCBuildConfiguration;
			buildSettings = {
				ALWAYS_EMBED_SWIFT_STANDARD_LIBRARIES = YES;
				CODE_SIGN_STYLE = Automatic;
				CURRENT_PROJECT_VERSION = 1;
				DEVELOPMENT_TEAM = RPQ3VF2JBZ;
				GENERATE_INFOPLIST_FILE = YES;
				MARKETING_VERSION = 1.0;
				PRODUCT_BUNDLE_IDENTIFIER = com.mfsaglam.StormViewerUITests;
				PRODUCT_NAME = "$(TARGET_NAME)";
				SWIFT_EMIT_LOC_STRINGS = NO;
				SWIFT_VERSION = 5.0;
				TARGETED_DEVICE_FAMILY = "1,2";
				TEST_TARGET_NAME = StormViewer;
			};
			name = Debug;
		};
		12D9B05D29423689004F8C41 /* Release */ = {
			isa = XCBuildConfiguration;
			buildSettings = {
				ALWAYS_EMBED_SWIFT_STANDARD_LIBRARIES = YES;
				CODE_SIGN_STYLE = Automatic;
				CURRENT_PROJECT_VERSION = 1;
				DEVELOPMENT_TEAM = RPQ3VF2JBZ;
				GENERATE_INFOPLIST_FILE = YES;
				MARKETING_VERSION = 1.0;
				PRODUCT_BUNDLE_IDENTIFIER = com.mfsaglam.StormViewerUITests;
				PRODUCT_NAME = "$(TARGET_NAME)";
				SWIFT_EMIT_LOC_STRINGS = NO;
				SWIFT_VERSION = 5.0;
				TARGETED_DEVICE_FAMILY = "1,2";
				TEST_TARGET_NAME = StormViewer;
			};
			name = Release;
		};
/* End XCBuildConfiguration section */

/* Begin XCConfigurationList section */
		12D9B02629423688004F8C41 /* Build configuration list for PBXProject "StormViewer" */ = {
			isa = XCConfigurationList;
			buildConfigurations = (
				12D9B05329423689004F8C41 /* Debug */,
				12D9B05429423689004F8C41 /* Release */,
			);
			defaultConfigurationIsVisible = 0;
			defaultConfigurationName = Release;
		};
		12D9B05529423689004F8C41 /* Build configuration list for PBXNativeTarget "StormViewer" */ = {
			isa = XCConfigurationList;
			buildConfigurations = (
				12D9B05629423689004F8C41 /* Debug */,
				12D9B05729423689004F8C41 /* Release */,
			);
			defaultConfigurationIsVisible = 0;
			defaultConfigurationName = Release;
		};
		12D9B05829423689004F8C41 /* Build configuration list for PBXNativeTarget "StormViewerTests" */ = {
			isa = XCConfigurationList;
			buildConfigurations = (
				12D9B05929423689004F8C41 /* Debug */,
				12D9B05A29423689004F8C41 /* Release */,
			);
			defaultConfigurationIsVisible = 0;
			defaultConfigurationName = Release;
		};
		12D9B05B29423689004F8C41 /* Build configuration list for PBXNativeTarget "StormViewerUITests" */ = {
			isa = XCConfigurationList;
			buildConfigurations = (
				12D9B05C29423689004F8C41 /* Debug */,
				12D9B05D29423689004F8C41 /* Release */,
			);
			defaultConfigurationIsVisible = 0;
			defaultConfigurationName = Release;
		};
/* End XCConfigurationList section */
	};
	rootObject = 12D9B02329423688004F8C41 /* Project object */;
}
